
Microsoft Visual Studio Solution File, Format Version 12.00
# Visual Studio Version 17
VisualStudioVersion = 17.0.31903.59
MinimumVisualStudioVersion = 10.0.40219.1
Project("{FAE04EC0-301F-11D3-BF4B-00C04F79EFBC}") = "ThreeLayerLibrary", "ThreeLayerLibrary\ThreeLayerLibrary.csproj", "{FECE39D4-D8CE-4657-8035-B71B6994AF49}"
EndProject
Project("{FAE04EC0-301F-11D3-BF4B-00C04F79EFBC}") = "PhoneStorePL", "PhoneStorePL\PhoneStorePL.csproj", "{9F3F6AB0-1C66-4D2A-B843-32AF24E2D549}"
EndProject
Project("{FAE04EC0-301F-11D3-BF4B-00C04F79EFBC}") = "PhoneStorePL.Tests", "PhoneStorePL.Tests\PhoneStorePL.Tests.csproj", "{BCEC7099-00EC-44CE-B579-4A39E167E5E2}"
EndProject
Global
	GlobalSection(SolutionConfigurationPlatforms) = preSolution
		Debug|Any CPU = Debug|Any CPU
		Release|Any CPU = Release|Any CPU
	EndGlobalSection
	GlobalSection(SolutionProperties) = preSolution
		HideSolutionNode = FALSE
	EndGlobalSection
	GlobalSection(ProjectConfigurationPlatforms) = postSolution
		{FECE39D4-D8CE-4657-8035-B71B6994AF49}.Debug|Any CPU.ActiveCfg = Debug|Any CPU
		{FECE39D4-D8CE-4657-8035-B71B6994AF49}.Debug|Any CPU.Build.0 = Debug|Any CPU
		{FECE39D4-D8CE-4657-8035-B71B6994AF49}.Release|Any CPU.ActiveCfg = Release|Any CPU
		{FECE39D4-D8CE-4657-8035-B71B6994AF49}.Release|Any CPU.Build.0 = Release|Any CPU
		{9F3F6AB0-1C66-4D2A-B843-32AF24E2D549}.Debug|Any CPU.ActiveCfg = Debug|Any CPU
		{9F3F6AB0-1C66-4D2A-B843-32AF24E2D549}.Debug|Any CPU.Build.0 = Debug|Any CPU
		{9F3F6AB0-1C66-4D2A-B843-32AF24E2D549}.Release|Any CPU.ActiveCfg = Release|Any CPU
		{9F3F6AB0-1C66-4D2A-B843-32AF24E2D549}.Release|Any CPU.Build.0 = Release|Any CPU
		{BCEC7099-00EC-44CE-B579-4A39E167E5E2}.Debug|Any CPU.ActiveCfg = Debug|Any CPU
		{BCEC7099-00EC-44CE-B579-4A39E167E5E2}.Debug|Any CPU.Build.0 = Debug|Any CPU
		{BCEC7099-00EC-44CE-B579-4A39E167E5E2}.Release|Any CPU.ActiveCfg = Release|Any CPU
		{BCEC7099-00EC-44CE-B579-4A39E167E5E2}.Release|Any CPU.Build.0 = Release|Any CPU
	EndGlobalSection
EndGlobal
